lockfileVersion: 5.4

specifiers:
  '@himenon/template-js': ^1.0.2

dependencies:
  '@himenon/template-js': 1.0.2

packages:

  /@himenon/template-js/1.0.2:
    resolution: {integrity: sha512-pTJ2w2YDMFZ0Sc++6lW27up+SFHE7eu1dNYAjnaWvIQg72Et5w74yWEMeQuhRkSxcjCIMoAg/TLCyzVfU+D7Iw==}
    engines: {pnpm: '>=6'}
    dev: false
